
Microsoft Visual Studio Solution File, Format Version 12.00
# Visual Studio 15
VisualStudioVersion = 15.0.28307.1259
MinimumVisualStudioVersion = 10.0.40219.1
Project("{FAE04EC0-301F-11D3-BF4B-00C04F79EFBC}") = "Zadanie4", "Zadanie4\Zadanie4.csproj", "{392A4B2C-3357-4AAB-A14A-738CD62E6FD9}"
EndProject
Project("{FAE04EC0-301F-11D3-BF4B-00C04F79EFBC}") = "Zadanie2", "Zadanie2\Zadanie2.csproj", "{DAE8EB25-00DF-4352-B21E-01A284C1B967}"
EndProject
Project("{FAE04EC0-301F-11D3-BF4B-00C04F79EFBC}") = "Zadanie1", "Zadanie1\Zadanie1.csproj", "{A246C2EF-E2D0-4052-96B8-330CB928B1DC}"
EndProject
Global
	GlobalSection(SolutionConfigurationPlatforms) = preSolution
		Debug|Any CPU = Debug|Any CPU
		Release|Any CPU = Release|Any CPU
	EndGlobalSection
	GlobalSection(ProjectConfigurationPlatforms) = postSolution
		{392A4B2C-3357-4AAB-A14A-738CD62E6FD9}.Debug|Any CPU.ActiveCfg = Debug|Any CPU
		{392A4B2C-3357-4AAB-A14A-738CD62E6FD9}.Debug|Any CPU.Build.0 = Debug|Any CPU
		{392A4B2C-3357-4AAB-A14A-738CD62E6FD9}.Release|Any CPU.ActiveCfg = Release|Any CPU
		{392A4B2C-3357-4AAB-A14A-738CD62E6FD9}.Release|Any CPU.Build.0 = Release|Any CPU
		{DAE8EB25-00DF-4352-B21E-01A284C1B967}.Debug|Any CPU.ActiveCfg = Debug|Any CPU
		{DAE8EB25-00DF-4352-B21E-01A284C1B967}.Debug|Any CPU.Build.0 = Debug|Any CPU
		{DAE8EB25-00DF-4352-B21E-01A284C1B967}.Release|Any CPU.ActiveCfg = Release|Any CPU
		{DAE8EB25-00DF-4352-B21E-01A284C1B967}.Release|Any CPU.Build.0 = Release|Any CPU
		{A246C2EF-E2D0-4052-96B8-330CB928B1DC}.Debug|Any CPU.ActiveCfg = Debug|Any CPU
		{A246C2EF-E2D0-4052-96B8-330CB928B1DC}.Debug|Any CPU.Build.0 = Debug|Any CPU
		{A246C2EF-E2D0-4052-96B8-330CB928B1DC}.Release|Any CPU.ActiveCfg = Release|Any CPU
		{A246C2EF-E2D0-4052-96B8-330CB928B1DC}.Release|Any CPU.Build.0 = Release|Any CPU
	EndGlobalSection
	GlobalSection(SolutionProperties) = preSolution
		HideSolutionNode = FALSE
	EndGlobalSection
	GlobalSection(ExtensibilityGlobals) = postSolution
		SolutionGuid = {C3247C6A-E6B4-43E5-BCDE-EF042B666792}
	EndGlobalSection
EndGlobal
