
Microsoft Visual Studio Solution File, Format Version 12.00
# Visual Studio 15
VisualStudioVersion = 15.0.28307.1259
MinimumVisualStudioVersion = 10.0.40219.1
Project("{FAE04EC0-301F-11D3-BF4B-00C04F79EFBC}") = "Zadanie1", "Zadanie1\Zadanie1.csproj", "{19131E1D-93AD-4781-8E4B-A671F04B7075}"
EndProject
Project("{FAE04EC0-301F-11D3-BF4B-00C04F79EFBC}") = "Zadanie2", "Zadanie2\Zadanie2.csproj", "{6F4AB6DD-EDE9-4286-BA4D-ACEC89AB59B0}"
EndProject
Project("{FAE04EC0-301F-11D3-BF4B-00C04F79EFBC}") = "Zadanie3", "Zadanie3\Zadanie3.csproj", "{233061A5-22BC-452E-9B0C-8B61F1BEE26D}"
EndProject
Global
	GlobalSection(SolutionConfigurationPlatforms) = preSolution
		Debug|Any CPU = Debug|Any CPU
		Release|Any CPU = Release|Any CPU
	EndGlobalSection
	GlobalSection(ProjectConfigurationPlatforms) = postSolution
		{19131E1D-93AD-4781-8E4B-A671F04B7075}.Debug|Any CPU.ActiveCfg = Debug|Any CPU
		{19131E1D-93AD-4781-8E4B-A671F04B7075}.Debug|Any CPU.Build.0 = Debug|Any CPU
		{19131E1D-93AD-4781-8E4B-A671F04B7075}.Release|Any CPU.ActiveCfg = Release|Any CPU
		{19131E1D-93AD-4781-8E4B-A671F04B7075}.Release|Any CPU.Build.0 = Release|Any CPU
		{6F4AB6DD-EDE9-4286-BA4D-ACEC89AB59B0}.Debug|Any CPU.ActiveCfg = Debug|Any CPU
		{6F4AB6DD-EDE9-4286-BA4D-ACEC89AB59B0}.Debug|Any CPU.Build.0 = Debug|Any CPU
		{6F4AB6DD-EDE9-4286-BA4D-ACEC89AB59B0}.Release|Any CPU.ActiveCfg = Release|Any CPU
		{6F4AB6DD-EDE9-4286-BA4D-ACEC89AB59B0}.Release|Any CPU.Build.0 = Release|Any CPU
		{233061A5-22BC-452E-9B0C-8B61F1BEE26D}.Debug|Any CPU.ActiveCfg = Debug|Any CPU
		{233061A5-22BC-452E-9B0C-8B61F1BEE26D}.Debug|Any CPU.Build.0 = Debug|Any CPU
		{233061A5-22BC-452E-9B0C-8B61F1BEE26D}.Release|Any CPU.ActiveCfg = Release|Any CPU
		{233061A5-22BC-452E-9B0C-8B61F1BEE26D}.Release|Any CPU.Build.0 = Release|Any CPU
	EndGlobalSection
	GlobalSection(SolutionProperties) = preSolution
		HideSolutionNode = FALSE
	EndGlobalSection
	GlobalSection(ExtensibilityGlobals) = postSolution
		SolutionGuid = {C825B437-C229-4C44-80C7-AF611D214C7D}
	EndGlobalSection
EndGlobal
