
Microsoft Visual Studio Solution File, Format Version 12.00
# Visual Studio 15
VisualStudioVersion = 15.0.28307.1259
MinimumVisualStudioVersion = 10.0.40219.1
Project("{FAE04EC0-301F-11D3-BF4B-00C04F79EFBC}") = "Zadanie1", "Zadanie1\Zadanie1.csproj", "{F868C70E-FAAE-4658-A857-04DF03797337}"
EndProject
Project("{FAE04EC0-301F-11D3-BF4B-00C04F79EFBC}") = "Zadanie2", "Zadanie2\Zadanie2.csproj", "{9650B1E2-53E8-4DC4-8C6F-83A94CD23F89}"
EndProject
Project("{FAE04EC0-301F-11D3-BF4B-00C04F79EFBC}") = "Zadanie3", "Zadanie3\Zadanie3.csproj", "{AF1351E3-01CA-453E-A56A-A09557F52EB5}"
EndProject
Project("{FAE04EC0-301F-11D3-BF4B-00C04F79EFBC}") = "Zadanie4", "Zadanie4\Zadanie4.csproj", "{86463A9F-2EFC-49CF-9E76-243425DDCE0B}"
EndProject
Global
	GlobalSection(SolutionConfigurationPlatforms) = preSolution
		Debug|Any CPU = Debug|Any CPU
		Release|Any CPU = Release|Any CPU
	EndGlobalSection
	GlobalSection(ProjectConfigurationPlatforms) = postSolution
		{F868C70E-FAAE-4658-A857-04DF03797337}.Debug|Any CPU.ActiveCfg = Debug|Any CPU
		{F868C70E-FAAE-4658-A857-04DF03797337}.Debug|Any CPU.Build.0 = Debug|Any CPU
		{F868C70E-FAAE-4658-A857-04DF03797337}.Release|Any CPU.ActiveCfg = Release|Any CPU
		{F868C70E-FAAE-4658-A857-04DF03797337}.Release|Any CPU.Build.0 = Release|Any CPU
		{9650B1E2-53E8-4DC4-8C6F-83A94CD23F89}.Debug|Any CPU.ActiveCfg = Debug|Any CPU
		{9650B1E2-53E8-4DC4-8C6F-83A94CD23F89}.Debug|Any CPU.Build.0 = Debug|Any CPU
		{9650B1E2-53E8-4DC4-8C6F-83A94CD23F89}.Release|Any CPU.ActiveCfg = Release|Any CPU
		{9650B1E2-53E8-4DC4-8C6F-83A94CD23F89}.Release|Any CPU.Build.0 = Release|Any CPU
		{AF1351E3-01CA-453E-A56A-A09557F52EB5}.Debug|Any CPU.ActiveCfg = Debug|Any CPU
		{AF1351E3-01CA-453E-A56A-A09557F52EB5}.Debug|Any CPU.Build.0 = Debug|Any CPU
		{AF1351E3-01CA-453E-A56A-A09557F52EB5}.Release|Any CPU.ActiveCfg = Release|Any CPU
		{AF1351E3-01CA-453E-A56A-A09557F52EB5}.Release|Any CPU.Build.0 = Release|Any CPU
		{86463A9F-2EFC-49CF-9E76-243425DDCE0B}.Debug|Any CPU.ActiveCfg = Debug|Any CPU
		{86463A9F-2EFC-49CF-9E76-243425DDCE0B}.Debug|Any CPU.Build.0 = Debug|Any CPU
		{86463A9F-2EFC-49CF-9E76-243425DDCE0B}.Release|Any CPU.ActiveCfg = Release|Any CPU
		{86463A9F-2EFC-49CF-9E76-243425DDCE0B}.Release|Any CPU.Build.0 = Release|Any CPU
	EndGlobalSection
	GlobalSection(SolutionProperties) = preSolution
		HideSolutionNode = FALSE
	EndGlobalSection
	GlobalSection(ExtensibilityGlobals) = postSolution
		SolutionGuid = {74C3207B-DD84-4258-87A8-82682E08A185}
	EndGlobalSection
EndGlobal
