
Microsoft Visual Studio Solution File, Format Version 12.00
# Visual Studio 15
VisualStudioVersion = 15.0.28307.1259
MinimumVisualStudioVersion = 10.0.40219.1
Project("{FAE04EC0-301F-11D3-BF4B-00C04F79EFBC}") = "Zadanie1", "Zadanie1\Zadanie1.csproj", "{C84A75FE-F878-4213-8558-E0BF4C52CF9E}"
EndProject
Project("{FAE04EC0-301F-11D3-BF4B-00C04F79EFBC}") = "Zadanie2", "Zadanie2\Zadanie2.csproj", "{382AACE4-3837-4B2A-BE19-857EE042C325}"
EndProject
Global
	GlobalSection(SolutionConfigurationPlatforms) = preSolution
		Debug|Any CPU = Debug|Any CPU
		Release|Any CPU = Release|Any CPU
	EndGlobalSection
	GlobalSection(ProjectConfigurationPlatforms) = postSolution
		{C84A75FE-F878-4213-8558-E0BF4C52CF9E}.Debug|Any CPU.ActiveCfg = Debug|Any CPU
		{C84A75FE-F878-4213-8558-E0BF4C52CF9E}.Debug|Any CPU.Build.0 = Debug|Any CPU
		{C84A75FE-F878-4213-8558-E0BF4C52CF9E}.Release|Any CPU.ActiveCfg = Release|Any CPU
		{C84A75FE-F878-4213-8558-E0BF4C52CF9E}.Release|Any CPU.Build.0 = Release|Any CPU
		{382AACE4-3837-4B2A-BE19-857EE042C325}.Debug|Any CPU.ActiveCfg = Debug|Any CPU
		{382AACE4-3837-4B2A-BE19-857EE042C325}.Debug|Any CPU.Build.0 = Debug|Any CPU
		{382AACE4-3837-4B2A-BE19-857EE042C325}.Release|Any CPU.ActiveCfg = Release|Any CPU
		{382AACE4-3837-4B2A-BE19-857EE042C325}.Release|Any CPU.Build.0 = Release|Any CPU
	EndGlobalSection
	GlobalSection(SolutionProperties) = preSolution
		HideSolutionNode = FALSE
	EndGlobalSection
	GlobalSection(ExtensibilityGlobals) = postSolution
		SolutionGuid = {40F3FDDA-1E9D-462D-AC00-ECAC7BB0912C}
	EndGlobalSection
EndGlobal
