
Microsoft Visual Studio Solution File, Format Version 12.00
# Visual Studio 15
VisualStudioVersion = 15.0.28307.1259
MinimumVisualStudioVersion = 10.0.40219.1
Project("{FAE04EC0-301F-11D3-BF4B-00C04F79EFBC}") = "Zadanie1", "DawidWijataLAB01\Zadanie1.csproj", "{1E9848B8-27E9-4235-A68D-2B75EA295009}"
EndProject
Project("{FAE04EC0-301F-11D3-BF4B-00C04F79EFBC}") = "Zadanie1b", "ConsoleApp1\Zadanie1b.csproj", "{6EAED0B0-3C60-49B8-B12F-9594F248B0EB}"
EndProject
Project("{FAE04EC0-301F-11D3-BF4B-00C04F79EFBC}") = "Zadanie2", "Zadanie2\Zadanie2.csproj", "{4AAB4FBF-C133-4C8E-A2ED-98F24D245565}"
EndProject
Global
	GlobalSection(SolutionConfigurationPlatforms) = preSolution
		Debug|Any CPU = Debug|Any CPU
		Release|Any CPU = Release|Any CPU
	EndGlobalSection
	GlobalSection(ProjectConfigurationPlatforms) = postSolution
		{1E9848B8-27E9-4235-A68D-2B75EA295009}.Debug|Any CPU.ActiveCfg = Debug|Any CPU
		{1E9848B8-27E9-4235-A68D-2B75EA295009}.Debug|Any CPU.Build.0 = Debug|Any CPU
		{1E9848B8-27E9-4235-A68D-2B75EA295009}.Release|Any CPU.ActiveCfg = Release|Any CPU
		{1E9848B8-27E9-4235-A68D-2B75EA295009}.Release|Any CPU.Build.0 = Release|Any CPU
		{6EAED0B0-3C60-49B8-B12F-9594F248B0EB}.Debug|Any CPU.ActiveCfg = Debug|Any CPU
		{6EAED0B0-3C60-49B8-B12F-9594F248B0EB}.Debug|Any CPU.Build.0 = Debug|Any CPU
		{6EAED0B0-3C60-49B8-B12F-9594F248B0EB}.Release|Any CPU.ActiveCfg = Release|Any CPU
		{6EAED0B0-3C60-49B8-B12F-9594F248B0EB}.Release|Any CPU.Build.0 = Release|Any CPU
		{4AAB4FBF-C133-4C8E-A2ED-98F24D245565}.Debug|Any CPU.ActiveCfg = Debug|Any CPU
		{4AAB4FBF-C133-4C8E-A2ED-98F24D245565}.Debug|Any CPU.Build.0 = Debug|Any CPU
		{4AAB4FBF-C133-4C8E-A2ED-98F24D245565}.Release|Any CPU.ActiveCfg = Release|Any CPU
		{4AAB4FBF-C133-4C8E-A2ED-98F24D245565}.Release|Any CPU.Build.0 = Release|Any CPU
	EndGlobalSection
	GlobalSection(SolutionProperties) = preSolution
		HideSolutionNode = FALSE
	EndGlobalSection
	GlobalSection(ExtensibilityGlobals) = postSolution
		SolutionGuid = {D665662F-E891-4833-9EF4-4F2D83C75E81}
	EndGlobalSection
EndGlobal
