
Microsoft Visual Studio Solution File, Format Version 12.00
# Visual Studio 15
VisualStudioVersion = 15.0.28307.1259
MinimumVisualStudioVersion = 10.0.40219.1
Project("{FAE04EC0-301F-11D3-BF4B-00C04F79EFBC}") = "Zadanie1", "Zadanie1\Zadanie1.csproj", "{35289A39-9DD1-43DA-834A-09DBE4950667}"
EndProject
Project("{FAE04EC0-301F-11D3-BF4B-00C04F79EFBC}") = "Zadanie0", "..\Zadanie0\Zadanie0.csproj", "{AA894C13-DEB5-4656-BC96-B6FD88BA9DD8}"
EndProject
Project("{FAE04EC0-301F-11D3-BF4B-00C04F79EFBC}") = "Zadanie3", "Zadanie2\Zadanie3.csproj", "{815B7C60-A527-4950-BBC4-788F141DC735}"
EndProject
Project("{FAE04EC0-301F-11D3-BF4B-00C04F79EFBC}") = "Zadanie4", "Zadanie4\Zadanie4.csproj", "{30818269-687B-4AE2-83F9-379FC541ED0F}"
EndProject
Global
	GlobalSection(SolutionConfigurationPlatforms) = preSolution
		Debug|Any CPU = Debug|Any CPU
		Release|Any CPU = Release|Any CPU
	EndGlobalSection
	GlobalSection(ProjectConfigurationPlatforms) = postSolution
		{35289A39-9DD1-43DA-834A-09DBE4950667}.Debug|Any CPU.ActiveCfg = Debug|Any CPU
		{35289A39-9DD1-43DA-834A-09DBE4950667}.Debug|Any CPU.Build.0 = Debug|Any CPU
		{35289A39-9DD1-43DA-834A-09DBE4950667}.Release|Any CPU.ActiveCfg = Release|Any CPU
		{35289A39-9DD1-43DA-834A-09DBE4950667}.Release|Any CPU.Build.0 = Release|Any CPU
		{AA894C13-DEB5-4656-BC96-B6FD88BA9DD8}.Debug|Any CPU.ActiveCfg = Debug|Any CPU
		{AA894C13-DEB5-4656-BC96-B6FD88BA9DD8}.Debug|Any CPU.Build.0 = Debug|Any CPU
		{AA894C13-DEB5-4656-BC96-B6FD88BA9DD8}.Release|Any CPU.ActiveCfg = Release|Any CPU
		{AA894C13-DEB5-4656-BC96-B6FD88BA9DD8}.Release|Any CPU.Build.0 = Release|Any CPU
		{815B7C60-A527-4950-BBC4-788F141DC735}.Debug|Any CPU.ActiveCfg = Debug|Any CPU
		{815B7C60-A527-4950-BBC4-788F141DC735}.Debug|Any CPU.Build.0 = Debug|Any CPU
		{815B7C60-A527-4950-BBC4-788F141DC735}.Release|Any CPU.ActiveCfg = Release|Any CPU
		{815B7C60-A527-4950-BBC4-788F141DC735}.Release|Any CPU.Build.0 = Release|Any CPU
		{30818269-687B-4AE2-83F9-379FC541ED0F}.Debug|Any CPU.ActiveCfg = Debug|Any CPU
		{30818269-687B-4AE2-83F9-379FC541ED0F}.Debug|Any CPU.Build.0 = Debug|Any CPU
		{30818269-687B-4AE2-83F9-379FC541ED0F}.Release|Any CPU.ActiveCfg = Release|Any CPU
		{30818269-687B-4AE2-83F9-379FC541ED0F}.Release|Any CPU.Build.0 = Release|Any CPU
	EndGlobalSection
	GlobalSection(SolutionProperties) = preSolution
		HideSolutionNode = FALSE
	EndGlobalSection
	GlobalSection(ExtensibilityGlobals) = postSolution
		SolutionGuid = {B46BCD07-444E-494E-932C-67D9F586359A}
	EndGlobalSection
EndGlobal
